// !$*UTF8*$!
{
	archiveVersion = 1;
	classes = {
	};
	objectVersion = 56;
	objects = {

/* Begin PBXBuildFile section */
		ACE573082FD7390600B1D056 /* AppDelegate.swift in Sources */ = {isa = PBXBuildFile; fileRef = ACE573072FD7390600B1D056 /* AppDelegate.swift */; };
		ACE5730A2FD7390600B1D056 /* SceneDelegate.swift in Sources */ = {isa = PBXBuildFile; fileRef = ACE573092FD7390600B1D056 /* SceneDelegate.swift */; };
		ACE5730C2FD7390600B1D056 /* ViewController.swift in Sources */ = {isa = PBXBuildFile; fileRef = ACE5730B2FD7390600B1D056 /* ViewController.swift */; };
		ACE5730F2FD7390600B1D056 /* Main.storyboard in Resources */ = {isa = PBXBuildFile; fileRef = ACE5730D2FD7390600B1D056 /* Main.storyboard */; };
		ACE573112FD7390900B1D056 /* Assets.xcassets in Resources */ = {isa = PBXBuildFile; fileRef = ACE573102FD7390900B1D056 /* Assets.xcassets */; };
		ACE573142FD7390900B1D056 /* LaunchScreen.storyboard in Resources */ = {isa = PBXBuildFile; fileRef = ACE573122FD7390900B1D056 /* LaunchScreen.storyboard */; };
		ACE573222FD75DA000B1D056 /* Regiao.swift in Sources */ = {isa = PBXBuildFile; fileRef = ACE573212FD75DA000B1D056 /* Regiao.swift */; };
/* End PBXBuildFile section */

/* Begin PBXFileReference section */
		ACE573042FD7390600B1D056 /* DirectionFire-Desenvolvimento_mobile_IOS_GS.app */ = {isa = PBXFileReference; explicitFileType = wrapper.application; includeInIndex = 0; path = "DirectionFire-Desenvolvimento_mobile_IOS_GS.app"; sourceTree = BUILT_PRODUCTS_DIR; };
		ACE573072FD7390600B1D056 /* AppDelegate.swift */ = {isa = PBXFileReference; lastKnownFileType = sourcecode.swift; path = AppDelegate.swift; sourceTree = "<group>"; };
		ACE573092FD7390600B1D056 /* SceneDelegate.swift */ = {isa = PBXFileReference; lastKnownFileType = sourcecode.swift; path = SceneDelegate.swift; sourceTree = "<group>"; };
		ACE5730B2FD7390600B1D056 /* ViewController.swift */ = {isa = PBXFileReference; lastKnownFileType = sourcecode.swift; path = ViewController.swift; sourceTree = "<group>"; };
		ACE5730E2FD7390600B1D056 /* Base */ = {isa = PBXFileReference; lastKnownFileType = file.storyboard; name = Base; path = Base.lproj/Main.storyboard; sourceTree = "<group>"; };
		ACE573102FD7390900B1D056 /* Assets.xcassets */ = {isa = PBXFileReference; lastKnownFileType = folder.assetcatalog; path = Assets.xcassets; sourceTree = "<group>"; };
		ACE573132FD7390900B1D056 /* Base */ = {isa = PBXFileReference; lastKnownFileType = file.storyboard; name = Base; path = Base.lproj/LaunchScreen.storyboard; sourceTree = "<group>"; };
		ACE573152FD7390900B1D056 /* Info.plist */ = {isa = PBXFileReference; lastKnownFileType = text.plist.xml; path = Info.plist; sourceTree = "<group>"; };
		ACE573212FD75DA000B1D056 /* Regiao.swift */ = {isa = PBXFileReference; lastKnownFileType = sourcecode.swift; path = Regiao.swift; sourceTree = "<group>"; };
/* End PBXFileReference section */

/* Begin PBXFrameworksBuildPhase section */
		ACE573012FD7390600B1D056 /* Frameworks */ = {
			isa = PBXFrameworksBuildPhase;
			buildActionMask = 2147483647;
			files = (
			);
			runOnlyForDeploymentPostprocessing = 0;
		};
/* End PBXFrameworksBuildPhase section */

/* Begin PBXGroup section */
		ACE572FB2FD7390600B1D056 = {
			isa = PBXGroup;
			children = (
				ACE573062FD7390600B1D056 /* DirectionFire-Desenvolvimento_mobile_IOS_GS */,
				ACE573052FD7390600B1D056 /* Products */,
			);
			sourceTree = "<group>";
		};
		ACE573052FD7390600B1D056 /* Products */ = {
			isa = PBXGroup;
			children = (
				ACE573042FD7390600B1D056 /* DirectionFire-Desenvolvimento_mobile_IOS_GS.app */,
			);
			name = Products;
			sourceTree = "<group>";
		};
		ACE573062FD7390600B1D056 /* DirectionFire-Desenvolvimento_mobile_IOS_GS */ = {
			isa = PBXGroup;
			children = (
				ACE573072FD7390600B1D056 /* AppDelegate.swift */,
				ACE573092FD7390600B1D056 /* SceneDelegate.swift */,
				ACE5730B2FD7390600B1D056 /* ViewController.swift */,
				ACE5730D2FD7390600B1D056 /* Main.storyboard */,
				ACE573212FD75DA000B1D056 /* Regiao.swift */,
				ACE573102FD7390900B1D056 /* Assets.xcassets */,
				ACE573122FD7390900B1D056 /* LaunchScreen.storyboard */,
				ACE573152FD7390900B1D056 /* Info.plist */,
			);
			path = "DirectionFire-Desenvolvimento_mobile_IOS_GS";
			sourceTree = "<group>";
		};
/* End PBXGroup section */

/* Begin PBXNativeTarget section */
		ACE573032FD7390600B1D056 /* DirectionFire-Desenvolvimento_mobile_IOS_GS */ = {
			isa = PBXNativeTarget;
			buildConfigurationList = ACE573182FD7390900B1D056 /* Build configuration list for PBXNativeTarget "DirectionFire-Desenvolvimento_mobile_IOS_GS" */;
			buildPhases = (
				ACE573002FD7390600B1D056 /* Sources */,
				ACE573012FD7390600B1D056 /* Frameworks */,
				ACE573022FD7390600B1D056 /* Resources */,
			);
			buildRules = (
			);
			dependencies = (
			);
			name = "DirectionFire-Desenvolvimento_mobile_IOS_GS";
			productName = "DirectionFire-Desenvolvimento_mobile_IOS_GS";
			productReference = ACE573042FD7390600B1D056 /* DirectionFire-Desenvolvimento_mobile_IOS_GS.app */;
			productType = "com.apple.product-type.application";
		};
/* End PBXNativeTarget section */

/* Begin PBXProject section */
		ACE572FC2FD7390600B1D056 /* Project object */ = {
			isa = PBXProject;
			attributes = {
				BuildIndependentTargetsInParallel = 1;
				LastSwiftUpdateCheck = 1430;
				LastUpgradeCheck = 1430;
				TargetAttributes = {
					ACE573032FD7390600B1D056 = {
						CreatedOnToolsVersion = 14.3.1;
					};
				};
			};
			buildConfigurationList = ACE572FF2FD7390600B1D056 /* Build configuration list for PBXProject "DirectionFire-Desenvolvimento_mobile_IOS_GS" */;
			compatibilityVersion = "Xcode 14.0";
			developmentRegion = en;
			hasScannedForEncodings = 0;
			knownRegions = (
				en,
				Base,
			);
			mainGroup = ACE572FB2FD7390600B1D056;
			productRefGroup = ACE573052FD7390600B1D056 /* Products */;
			projectDirPath = "";
			projectRoot = "";
			targets = (
				ACE573032FD7390600B1D056 /* DirectionFire-Desenvolvimento_mobile_IOS_GS */,
			);
		};
/* End PBXProject section */

/* Begin PBXResourcesBuildPhase section */
		ACE573022FD7390600B1D056 /* Resources */ = {
			isa = PBXResourcesBuildPhase;
			buildActionMask = 2147483647;
			files = (
				ACE573142FD7390900B1D056 /* LaunchScreen.storyboard in Resources */,
				ACE573112FD7390900B1D056 /* Assets.xcassets in Resources */,
				ACE5730F2FD7390600B1D056 /* Main.storyboard in Resources */,
			);
			runOnlyForDeploymentPostprocessing = 0;
		};
/* End PBXResourcesBuildPhase section */

/* Begin PBXSourcesBuildPhase section */
		ACE573002FD7390600B1D056 /* Sources */ = {
			isa = PBXSourcesBuildPhase;
			buildActionMask = 2147483647;
			files = (
				ACE5730C2FD7390600B1D056 /* ViewController.swift in Sources */,
				ACE573082FD7390600B1D056 /* AppDelegate.swift in Sources */,
				ACE573222FD75DA000B1D056 /* Regiao.swift in Sources */,
				ACE5730A2FD7390600B1D056 /* SceneDelegate.swift in Sources */,
			);
			runOnlyForDeploymentPostprocessing = 0;
		};
/* End PBXSourcesBuildPhase section */

/* Begin PBXVariantGroup section */
		ACE5730D2FD7390600B1D056 /* Main.storyboard */ = {
			isa = PBXVariantGroup;
			children = (
				ACE5730E2FD7390600B1D056 /* Base */,
			);
			name = Main.storyboard;
			sourceTree = "<group>";
		};
		ACE573122FD7390900B1D056 /* LaunchScreen.storyboard */ = {
			isa = PBXVariantGroup;
			children = (
				ACE573132FD7390900B1D056 /* Base */,
			);
			name = LaunchScreen.storyboard;
			sourceTree = "<group>";
		};
/* End PBXVariantGroup section */

/* Begin XCBuildConfiguration section */
		ACE573162FD7390900B1D056 /* Debug */ = {
			isa = XCBuildConfiguration;
			buildSettings = {
				ALWAYS_SEARCH_USER_PATHS = NO;
				CLANG_ANALYZER_NONNULL = YES;
				CLANG_ANALYZER_NUMBER_OBJECT_CONVERSION = YES_AGGRESSIVE;
				CLANG_CXX_LANGUAGE_STANDARD = "gnu++20";
				CLANG_ENABLE_MODULES = YES;
				CLANG_ENABLE_OBJC_ARC = YES;
				CLANG_ENABLE_OBJC_WEAK = YES;
				CLANG_WARN_BLOCK_CAPTURE_AUTORELEASING = YES;
				CLANG_WARN_BOOL_CONVERSION = YES;
				CLANG_WARN_COMMA = YES;
				CLANG_WARN_CONSTANT_CONVERSION = YES;
				CLANG_WARN_DEPRECATED_OBJC_IMPLEMENTATIONS = YES;
				CLANG_WARN_DIRECT_OBJC_ISA_USAGE = YES_ERROR;
				CLANG_WARN_DOCUMENTATION_COMMENTS = YES;
				CLANG_WARN_EMPTY_BODY = YES;
				CLANG_WARN_ENUM_CONVERSION = YES;
				CLANG_WARN_INFINITE_RECURSION = YES;
				CLANG_WARN_INT_CONVERSION = YES;
				CLANG_WARN_NON_LITERAL_NULL_CONVERSION = YES;
				CLANG_WARN_OBJC_IMPLICIT_RETAIN_SELF = YES;
				CLANG_WARN_OBJC_LITERAL_CONVERSION = YES;
				CLANG_WARN_OBJC_ROOT_CLASS = YES_ERROR;
				CLANG_WARN_QUOTED_INCLUDE_IN_FRAMEWORK_HEADER = YES;
				CLANG_WARN_RANGE_LOOP_ANALYSIS = YES;
				CLANG_WARN_STRICT_PROTOTYPES = YES;
				CLANG_WARN_SUSPICIOUS_MOVE = YES;
				CLANG_WARN_UNGUARDED_AVAILABILITY = YES_AGGRESSIVE;
				CLANG_WARN_UNREACHABLE_CODE = YES;
				CLANG_WARN__DUPLICATE_METHOD_MATCH = YES;
				COPY_PHASE_STRIP = NO;
				DEBUG_INFORMATION_FORMAT = dwarf;
				ENABLE_STRICT_OBJC_MSGSEND = YES;
				ENABLE_TESTABILITY = YES;
				GCC_C_LANGUAGE_STANDARD = gnu11;
				GCC_DYNAMIC_NO_PIC = NO;
				GCC_NO_COMMON_BLOCKS = YES;
				GCC_OPTIMIZATION_LEVEL = 0;
				GCC_PREPROCESSOR_DEFINITIONS = (
					"DEBUG=1",
					"$(inherited)",
				);
				GCC_WARN_64_TO_32_BIT_CONVERSION = YES;
				GCC_WARN_ABOUT_RETURN_TYPE = YES_ERROR;
				GCC_WARN_UNDECLARED_SELECTOR = YES;
				GCC_WARN_UNINITIALIZED_AUTOS = YES_AGGRESSIVE;
				GCC_WARN_UNUSED_FUNCTION = YES;
				GCC_WARN_UNUSED_VARIABLE = YES;
				IPHONEOS_DEPLOYMENT_TARGET = 16.4;
				MTL_ENABLE_DEBUG_INFO = INCLUDE_SOURCE;
				MTL_FAST_MATH = YES;
				ONLY_ACTIVE_ARCH = YES;
				SDKROOT = iphoneos;
				SWIFT_ACTIVE_COMPILATION_CONDITIONS = DEBUG;
				SWIFT_OPTIMIZATION_LEVEL = "-Onone";
			};
			name = Debug;
		};
		ACE573172FD7390900B1D056 /* Release */ = {
			isa = XCBuildConfiguration;
			buildSettings = {
				ALWAYS_SEARCH_USER_PATHS = NO;
				CLANG_ANALYZER_NONNULL = YES;
				CLANG_ANALYZER_NUMBER_OBJECT_CONVERSION = YES_AGGRESSIVE;
				CLANG_CXX_LANGUAGE_STANDARD = "gnu++20";
				CLANG_ENABLE_MODULES = YES;
				CLANG_ENABLE_OBJC_ARC = YES;
				CLANG_ENABLE_OBJC_WEAK = YES;
				CLANG_WARN_BLOCK_CAPTURE_AUTORELEASING = YES;
				CLANG_WARN_BOOL_CONVERSION = YES;
				CLANG_WARN_COMMA = YES;
				CLANG_WARN_CONSTANT_CONVERSION = YES;
				CLANG_WARN_DEPRECATED_OBJC_IMPLEMENTATIONS = YES;
				CLANG_WARN_DIRECT_OBJC_ISA_USAGE = YES_ERROR;
				CLANG_WARN_DOCUMENTATION_COMMENTS = YES;
				CLANG_WARN_EMPTY_BODY = YES;
				CLANG_WARN_ENUM_CONVERSION = YES;
				CLANG_WARN_INFINITE_RECURSION = YES;
				CLANG_WARN_INT_CONVERSION = YES;
				CLANG_WARN_NON_LITERAL_NULL_CONVERSION = YES;
				CLANG_WARN_OBJC_IMPLICIT_RETAIN_SELF = YES;
				CLANG_WARN_OBJC_LITERAL_CONVERSION = YES;
				CLANG_WARN_OBJC_ROOT_CLASS = YES_ERROR;
				CLANG_WARN_QUOTED_INCLUDE_IN_FRAMEWORK_HEADER = YES;
				CLANG_WARN_RANGE_LOOP_ANALYSIS = YES;
				CLANG_WARN_STRICT_PROTOTYPES = YES;
				CLANG_WARN_SUSPICIOUS_MOVE = YES;
				CLANG_WARN_UNGUARDED_AVAILABILITY = YES_AGGRESSIVE;
				CLANG_WARN_UNREACHABLE_CODE = YES;
				CLANG_WARN__DUPLICATE_METHOD_MATCH = YES;
				COPY_PHASE_STRIP = NO;
				DEBUG_INFORMATION_FORMAT = "dwarf-with-dsym";
				ENABLE_NS_ASSERTIONS = NO;
				ENABLE_STRICT_OBJC_MSGSEND = YES;
				GCC_C_LANGUAGE_STANDARD = gnu11;
				GCC_NO_COMMON_BLOCKS = YES;
				GCC_WARN_64_TO_32_BIT_CONVERSION = YES;
				GCC_WARN_ABOUT_RETURN_TYPE = YES_ERROR;
				GCC_WARN_UNDECLARED_SELECTOR = YES;
				GCC_WARN_UNINITIALIZED_AUTOS = YES_AGGRESSIVE;
				GCC_WARN_UNUSED_FUNCTION = YES;
				GCC_WARN_UNUSED_VARIABLE = YES;
				IPHONEOS_DEPLOYMENT_TARGET = 16.4;
				MTL_ENABLE_DEBUG_INFO = NO;
				MTL_FAST_MATH = YES;
				SDKROOT = iphoneos;
				SWIFT_COMPILATION_MODE = wholemodule;
				SWIFT_OPTIMIZATION_LEVEL = "-O";
				VALIDATE_PRODUCT = YES;
			};
			name = Release;
		};
		ACE573192FD7390900B1D056 /* Debug */ = {
			isa = XCBuildConfiguration;
			buildSettings = {
				ASSETCATALOG_COMPILER_APPICON_NAME = AppIcon;
				ASSETCATALOG_COMPILER_GLOBAL_ACCENT_COLOR_NAME = AccentColor;
				CODE_SIGN_STYLE = Automatic;
				CURRENT_PROJECT_VERSION = 1;
				GENERATE_INFOPLIST_FILE = YES;
				INFOPLIST_FILE = "DirectionFire-Desenvolvimento_mobile_IOS_GS/Info.plist";
				INFOPLIST_KEY_UIApplicationSupportsIndirectInputEvents = YES;
				INFOPLIST_KEY_UILaunchStoryboardName = LaunchScreen;
				INFOPLIST_KEY_UIMainStoryboardFile = Main;
				INFOPLIST_KEY_UISupportedInterfaceOrientations_iPad = "UIInterfaceOrientationPortrait UIInterfaceOrientationPortraitUpsideDown UIInterfaceOrientationLandscapeLeft UIInterfaceOrientationLandscapeRight";
				INFOPLIST_KEY_UISupportedInterfaceOrientations_iPhone = "UIInterfaceOrientationPortrait UIInterfaceOrientationLandscapeLeft UIInterfaceOrientationLandscapeRight";
				LD_RUNPATH_SEARCH_PATHS = (
					"$(inherited)",
					"@executable_path/Frameworks",
				);
				MARKETING_VERSION = 1.0;
				PRODUCT_BUNDLE_IDENTIFIER = "com.isaac.DirectionFire-Desenvolvimento-mobile-IOS-GS";
				PRODUCT_NAME = "$(TARGET_NAME)";
				SWIFT_EMIT_LOC_STRINGS = YES;
				SWIFT_VERSION = 5.0;
				TARGETED_DEVICE_FAMILY = "1,2";
			};
			name = Debug;
		};
		ACE5731A2FD7390900B1D056 /* Release */ = {
			isa = XCBuildConfiguration;
			buildSettings = {
				ASSETCATALOG_COMPILER_APPICON_NAME = AppIcon;
				ASSETCATALOG_COMPILER_GLOBAL_ACCENT_COLOR_NAME = AccentColor;
				CODE_SIGN_STYLE = Automatic;
				CURRENT_PROJECT_VERSION = 1;
				GENERATE_INFOPLIST_FILE = YES;
				INFOPLIST_FILE = "DirectionFire-Desenvolvimento_mobile_IOS_GS/Info.plist";
				INFOPLIST_KEY_UIApplicationSupportsIndirectInputEvents = YES;
				INFOPLIST_KEY_UILaunchStoryboardName = LaunchScreen;
				INFOPLIST_KEY_UIMainStoryboardFile = Main;
				INFOPLIST_KEY_UISupportedInterfaceOrientations_iPad = "UIInterfaceOrientationPortrait UIInterfaceOrientationPortraitUpsideDown UIInterfaceOrientationLandscapeLeft UIInterfaceOrientationLandscapeRight";
				INFOPLIST_KEY_UISupportedInterfaceOrientations_iPhone = "UIInterfaceOrientationPortrait UIInterfaceOrientationLandscapeLeft UIInterfaceOrientationLandscapeRight";
				LD_RUNPATH_SEARCH_PATHS = (
					"$(inherited)",
					"@executable_path/Frameworks",
				);
				MARKETING_VERSION = 1.0;
				PRODUCT_BUNDLE_IDENTIFIER = "com.isaac.DirectionFire-Desenvolvimento-mobile-IOS-GS";
				PRODUCT_NAME = "$(TARGET_NAME)";
				SWIFT_EMIT_LOC_STRINGS = YES;
				SWIFT_VERSION = 5.0;
				TARGETED_DEVICE_FAMILY = "1,2";
			};
			name = Release;
		};
/* End XCBuildConfiguration section */

/* Begin XCConfigurationList section */
		ACE572FF2FD7390600B1D056 /* Build configuration list for PBXProject "DirectionFire-Desenvolvimento_mobile_IOS_GS" */ = {
			isa = XCConfigurationList;
			buildConfigurations = (
				ACE573162FD7390900B1D056 /* Debug */,
				ACE573172FD7390900B1D056 /* Release */,
			);
			defaultConfigurationIsVisible = 0;
			defaultConfigurationName = Release;
		};
		ACE573182FD7390900B1D056 /* Build configuration list for PBXNativeTarget "DirectionFire-Desenvolvimento_mobile_IOS_GS" */ = {
			isa = XCConfigurationList;
			buildConfigurations = (
				ACE573192FD7390900B1D056 /* Debug */,
				ACE5731A2FD7390900B1D056 /* Release */,
			);
			defaultConfigurationIsVisible = 0;
			defaultConfigurationName = Release;
		};
/* End XCConfigurationList section */
	};
	rootObject = ACE572FC2FD7390600B1D056 /* Project object */;
}
